GIT
  remote: https://github.com/souk4711/ffi-clang
  revision: 0d4ef3e12fa0fa5cadaa987de85e5419ecbb4df2
  specs:
    ffi-clang (0.13.0)
      ffi

GIT
  remote: https://github.com/souk4711/ruby-bindgen
  revision: bb65ead2cea8eaf519309a500cc0cb06b39bbf9c
  specs:
    ruby-bindgen (1.0.0)
      ffi (>= 1.16)
      ffi-clang (>= 0.10)
      ostruct (>= 0.6.0)

GEM
  remote: https://rubygems.org/
  specs:
    date (3.5.1)
    erb (6.0.1)
    ffi (1.17.3-x64-mingw-ucrt)
    ffi (1.17.3-x86_64-linux-gnu)
    nio4r (2.7.5)
    ostruct (0.6.3)
    parallel (1.27.0)
    psych (5.3.1)
      date
      stringio
    puma (7.2.0)
      nio4r (~> 2.0)
    rack (3.2.4)
    rackup (2.3.1)
      rack (>= 3)
    rake (13.3.1)
    rdoc (7.1.0)
      erb
      psych (>= 4.0.0)
      tsort
    redcarpet (3.6.1)
    stringio (3.2.0)
    tsort (0.2.0)
    yard (0.9.38)

PLATFORMS
  x64-mingw-ucrt
  x86_64-linux

DEPENDENCIES
  ffi-clang!
  parallel
  puma
  rackup
  rake (~> 13.0)
  rdoc
  redcarpet
  ruby-bindgen!
  yard

BUNDLED WITH
   2.6.9
